
Microsoft Visual Studio Solution File, Format Version 12.00
# Visual Studio Version 17
VisualStudioVersion = 17.7.34031.279
MinimumVisualStudioVersion = 10.0.40219.1
Project("{FAE04EC0-301F-11D3-BF4B-00C04F79EFBC}") = "S09C132", "S09C132.csproj", "{5F26051C-A6BF-426E-943A-AB4E120207B3}"
EndProject
Global
	GlobalSection(SolutionConfigurationPlatforms) = preSolution
		Debug|Any CPU = Debug|Any CPU
		Release|Any CPU = Release|Any CPU
	EndGlobalSection
	GlobalSection(ProjectConfigurationPlatforms) = postSolution
		{5F26051C-A6BF-426E-943A-AB4E120207B3}.Debug|Any CPU.ActiveCfg = Debug|Any CPU
		{5F26051C-A6BF-426E-943A-AB4E120207B3}.Debug|Any CPU.Build.0 = Debug|Any CPU
		{5F26051C-A6BF-426E-943A-AB4E120207B3}.Release|Any CPU.ActiveCfg = Release|Any CPU
		{5F26051C-A6BF-426E-943A-AB4E120207B3}.Release|Any CPU.Build.0 = Release|Any CPU
	EndGlobalSection
	GlobalSection(SolutionProperties) = preSolution
		HideSolutionNode = FALSE
	EndGlobalSection
	GlobalSection(ExtensibilityGlobals) = postSolution
		SolutionGuid = {E72967B7-310A-410B-9300-8E5541F48192}
	EndGlobalSection
EndGlobal
