
Microsoft Visual Studio Solution File, Format Version 12.00
# Visual Studio Version 17
VisualStudioVersion = 17.7.34221.43
MinimumVisualStudioVersion = 10.0.40219.1
Project("{FAE04EC0-301F-11D3-BF4B-00C04F79EFBC}") = "S15C220", "S15C220.csproj", "{3F1A70A7-3CCA-46EF-8765-FDCDD991B875}"
EndProject
Global
	GlobalSection(SolutionConfigurationPlatforms) = preSolution
		Debug|Any CPU = Debug|Any CPU
		Release|Any CPU = Release|Any CPU
	EndGlobalSection
	GlobalSection(ProjectConfigurationPlatforms) = postSolution
		{3F1A70A7-3CCA-46EF-8765-FDCDD991B875}.Debug|Any CPU.ActiveCfg = Debug|Any CPU
		{3F1A70A7-3CCA-46EF-8765-FDCDD991B875}.Debug|Any CPU.Build.0 = Debug|Any CPU
		{3F1A70A7-3CCA-46EF-8765-FDCDD991B875}.Release|Any CPU.ActiveCfg = Release|Any CPU
		{3F1A70A7-3CCA-46EF-8765-FDCDD991B875}.Release|Any CPU.Build.0 = Release|Any CPU
	EndGlobalSection
	GlobalSection(SolutionProperties) = preSolution
		HideSolutionNode = FALSE
	EndGlobalSection
	GlobalSection(ExtensibilityGlobals) = postSolution
		SolutionGuid = {4325CCC3-AA90-4581-B16E-3442FF34BFD8}
	EndGlobalSection
EndGlobal
