
Microsoft Visual Studio Solution File, Format Version 12.00
# Visual Studio Version 17
VisualStudioVersion = 17.7.34031.279
MinimumVisualStudioVersion = 10.0.40219.1
Project("{FAE04EC0-301F-11D3-BF4B-00C04F79EFBC}") = "S06C80", "S06C80.csproj", "{FE3D5D96-D562-4103-A55A-771F2DDDB746}"
EndProject
Global
	GlobalSection(SolutionConfigurationPlatforms) = preSolution
		Debug|Any CPU = Debug|Any CPU
		Release|Any CPU = Release|Any CPU
	EndGlobalSection
	GlobalSection(ProjectConfigurationPlatforms) = postSolution
		{FE3D5D96-D562-4103-A55A-771F2DDDB746}.Debug|Any CPU.ActiveCfg = Debug|Any CPU
		{FE3D5D96-D562-4103-A55A-771F2DDDB746}.Debug|Any CPU.Build.0 = Debug|Any CPU
		{FE3D5D96-D562-4103-A55A-771F2DDDB746}.Release|Any CPU.ActiveCfg = Release|Any CPU
		{FE3D5D96-D562-4103-A55A-771F2DDDB746}.Release|Any CPU.Build.0 = Release|Any CPU
	EndGlobalSection
	GlobalSection(SolutionProperties) = preSolution
		HideSolutionNode = FALSE
	EndGlobalSection
	GlobalSection(ExtensibilityGlobals) = postSolution
		SolutionGuid = {1033D744-3F1A-41DA-A550-718BF7530508}
	EndGlobalSection
EndGlobal
