
Microsoft Visual Studio Solution File, Format Version 12.00
# Visual Studio Version 17
VisualStudioVersion = 17.7.34031.279
MinimumVisualStudioVersion = 10.0.40219.1
Project("{FAE04EC0-301F-11D3-BF4B-00C04F79EFBC}") = "S06C72", "S06C72.csproj", "{DE72521E-B84A-42CA-B0A6-6280C47942A4}"
EndProject
Global
	GlobalSection(SolutionConfigurationPlatforms) = preSolution
		Debug|Any CPU = Debug|Any CPU
		Release|Any CPU = Release|Any CPU
	EndGlobalSection
	GlobalSection(ProjectConfigurationPlatforms) = postSolution
		{DE72521E-B84A-42CA-B0A6-6280C47942A4}.Debug|Any CPU.ActiveCfg = Debug|Any CPU
		{DE72521E-B84A-42CA-B0A6-6280C47942A4}.Debug|Any CPU.Build.0 = Debug|Any CPU
		{DE72521E-B84A-42CA-B0A6-6280C47942A4}.Release|Any CPU.ActiveCfg = Release|Any CPU
		{DE72521E-B84A-42CA-B0A6-6280C47942A4}.Release|Any CPU.Build.0 = Release|Any CPU
	EndGlobalSection
	GlobalSection(SolutionProperties) = preSolution
		HideSolutionNode = FALSE
	EndGlobalSection
	GlobalSection(ExtensibilityGlobals) = postSolution
		SolutionGuid = {B00920F5-ECD3-407B-83BD-066CD2840E47}
	EndGlobalSection
EndGlobal
