
Microsoft Visual Studio Solution File, Format Version 12.00
# Visual Studio Version 17
VisualStudioVersion = 17.7.34221.43
MinimumVisualStudioVersion = 10.0.40219.1
Project("{FAE04EC0-301F-11D3-BF4B-00C04F79EFBC}") = "S17C241", "S17C241.csproj", "{DB984EDE-09DA-473F-8AA9-0C7F80ECB44A}"
EndProject
Global
	GlobalSection(SolutionConfigurationPlatforms) = preSolution
		Debug|Any CPU = Debug|Any CPU
		Release|Any CPU = Release|Any CPU
	EndGlobalSection
	GlobalSection(ProjectConfigurationPlatforms) = postSolution
		{DB984EDE-09DA-473F-8AA9-0C7F80ECB44A}.Debug|Any CPU.ActiveCfg = Debug|Any CPU
		{DB984EDE-09DA-473F-8AA9-0C7F80ECB44A}.Debug|Any CPU.Build.0 = Debug|Any CPU
		{DB984EDE-09DA-473F-8AA9-0C7F80ECB44A}.Release|Any CPU.ActiveCfg = Release|Any CPU
		{DB984EDE-09DA-473F-8AA9-0C7F80ECB44A}.Release|Any CPU.Build.0 = Release|Any CPU
	EndGlobalSection
	GlobalSection(SolutionProperties) = preSolution
		HideSolutionNode = FALSE
	EndGlobalSection
	GlobalSection(ExtensibilityGlobals) = postSolution
		SolutionGuid = {C6EA9322-F7B0-41E1-9571-37634A2C17FD}
	EndGlobalSection
EndGlobal
