
Microsoft Visual Studio Solution File, Format Version 12.00
# Visual Studio Version 17
VisualStudioVersion = 17.7.34202.233
MinimumVisualStudioVersion = 10.0.40219.1
Project("{FAE04EC0-301F-11D3-BF4B-00C04F79EFBC}") = "S13C201", "S13C201.csproj", "{B9C7EA38-022E-4707-910E-5F897FE0BDA6}"
EndProject
Global
	GlobalSection(SolutionConfigurationPlatforms) = preSolution
		Debug|Any CPU = Debug|Any CPU
		Release|Any CPU = Release|Any CPU
	EndGlobalSection
	GlobalSection(ProjectConfigurationPlatforms) = postSolution
		{B9C7EA38-022E-4707-910E-5F897FE0BDA6}.Debug|Any CPU.ActiveCfg = Debug|Any CPU
		{B9C7EA38-022E-4707-910E-5F897FE0BDA6}.Debug|Any CPU.Build.0 = Debug|Any CPU
		{B9C7EA38-022E-4707-910E-5F897FE0BDA6}.Release|Any CPU.ActiveCfg = Release|Any CPU
		{B9C7EA38-022E-4707-910E-5F897FE0BDA6}.Release|Any CPU.Build.0 = Release|Any CPU
	EndGlobalSection
	GlobalSection(SolutionProperties) = preSolution
		HideSolutionNode = FALSE
	EndGlobalSection
	GlobalSection(ExtensibilityGlobals) = postSolution
		SolutionGuid = {B4456577-FAC2-40D6-B503-8D87AFC13B18}
	EndGlobalSection
EndGlobal
