
Microsoft Visual Studio Solution File, Format Version 12.00
# Visual Studio Version 17
VisualStudioVersion = 17.7.34202.233
MinimumVisualStudioVersion = 10.0.40219.1
Project("{FAE04EC0-301F-11D3-BF4B-00C04F79EFBC}") = "S10C140", "S10C140.csproj", "{DD44FA1A-29B8-432E-BD8E-24AD4DAB77BC}"
EndProject
Global
	GlobalSection(SolutionConfigurationPlatforms) = preSolution
		Debug|Any CPU = Debug|Any CPU
		Release|Any CPU = Release|Any CPU
	EndGlobalSection
	GlobalSection(ProjectConfigurationPlatforms) = postSolution
		{DD44FA1A-29B8-432E-BD8E-24AD4DAB77BC}.Debug|Any CPU.ActiveCfg = Debug|Any CPU
		{DD44FA1A-29B8-432E-BD8E-24AD4DAB77BC}.Debug|Any CPU.Build.0 = Debug|Any CPU
		{DD44FA1A-29B8-432E-BD8E-24AD4DAB77BC}.Release|Any CPU.ActiveCfg = Release|Any CPU
		{DD44FA1A-29B8-432E-BD8E-24AD4DAB77BC}.Release|Any CPU.Build.0 = Release|Any CPU
	EndGlobalSection
	GlobalSection(SolutionProperties) = preSolution
		HideSolutionNode = FALSE
	EndGlobalSection
	GlobalSection(ExtensibilityGlobals) = postSolution
		SolutionGuid = {7930EB44-2E4F-4ECF-895C-23D7CF907FA1}
	EndGlobalSection
EndGlobal
