
Microsoft Visual Studio Solution File, Format Version 12.00
# Visual Studio Version 17
VisualStudioVersion = 17.7.34031.279
MinimumVisualStudioVersion = 10.0.40219.1
Project("{FAE04EC0-301F-11D3-BF4B-00C04F79EFBC}") = "S06C78", "S06C78.csproj", "{002AFF4F-97CF-4F55-9EE2-49182AC2C324}"
EndProject
Global
	GlobalSection(SolutionConfigurationPlatforms) = preSolution
		Debug|Any CPU = Debug|Any CPU
		Release|Any CPU = Release|Any CPU
	EndGlobalSection
	GlobalSection(ProjectConfigurationPlatforms) = postSolution
		{002AFF4F-97CF-4F55-9EE2-49182AC2C324}.Debug|Any CPU.ActiveCfg = Debug|Any CPU
		{002AFF4F-97CF-4F55-9EE2-49182AC2C324}.Debug|Any CPU.Build.0 = Debug|Any CPU
		{002AFF4F-97CF-4F55-9EE2-49182AC2C324}.Release|Any CPU.ActiveCfg = Release|Any CPU
		{002AFF4F-97CF-4F55-9EE2-49182AC2C324}.Release|Any CPU.Build.0 = Release|Any CPU
	EndGlobalSection
	GlobalSection(SolutionProperties) = preSolution
		HideSolutionNode = FALSE
	EndGlobalSection
	GlobalSection(ExtensibilityGlobals) = postSolution
		SolutionGuid = {3445A731-66EE-4572-BAE4-948D412EFBEC}
	EndGlobalSection
EndGlobal
